
Microsoft Visual Studio Solution File, Format Version 12.00
# Visual Studio Version 16
VisualStudioVersion = 16.0.30517.126
MinimumVisualStudioVersion = 10.0.40219.1
Project("{9A19103F-16F7-4668-BE54-9A1E7A4F7556}") = "LibARMP", "LibARMP\LibARMP.csproj", "{C3F29DF3-1AA8-471A-BA7E-0DBB896FDC1F}"
EndProject
Project("{9A19103F-16F7-4668-BE54-9A1E7A4F7556}") = "testApp", "testApp\testApp.csproj", "{911B43BB-C52A-4E50-832F-AE9ED092E803}"
EndProject
Project("{FAE04EC0-301F-11D3-BF4B-00C04F79EFBC}") = "LibARMP.UnitTests", "LibARMP.UnitTests\LibARMP.UnitTests.csproj", "{AED55797-7340-456F-BD99-9BBDE1CBEB75}"
EndProject
Global
	GlobalSection(SolutionConfigurationPlatforms) = preSolution
		Debug|Any CPU = Debug|Any CPU
		Release|Any CPU = Release|Any CPU
	EndGlobalSection
	GlobalSection(ProjectConfigurationPlatforms) = postSolution
		{C3F29DF3-1AA8-471A-BA7E-0DBB896FDC1F}.Debug|Any CPU.ActiveCfg = Debug|Any CPU
		{C3F29DF3-1AA8-471A-BA7E-0DBB896FDC1F}.Debug|Any CPU.Build.0 = Debug|Any CPU
		{C3F29DF3-1AA8-471A-BA7E-0DBB896FDC1F}.Release|Any CPU.ActiveCfg = Release|Any CPU
		{C3F29DF3-1AA8-471A-BA7E-0DBB896FDC1F}.Release|Any CPU.Build.0 = Release|Any CPU
		{911B43BB-C52A-4E50-832F-AE9ED092E803}.Debug|Any CPU.ActiveCfg = Debug|Any CPU
		{911B43BB-C52A-4E50-832F-AE9ED092E803}.Debug|Any CPU.Build.0 = Debug|Any CPU
		{911B43BB-C52A-4E50-832F-AE9ED092E803}.Release|Any CPU.ActiveCfg = Release|Any CPU
		{911B43BB-C52A-4E50-832F-AE9ED092E803}.Release|Any CPU.Build.0 = Release|Any CPU
		{AED55797-7340-456F-BD99-9BBDE1CBEB75}.Debug|Any CPU.ActiveCfg = Debug|Any CPU
		{AED55797-7340-456F-BD99-9BBDE1CBEB75}.Debug|Any CPU.Build.0 = Debug|Any CPU
		{AED55797-7340-456F-BD99-9BBDE1CBEB75}.Release|Any CPU.ActiveCfg = Release|Any CPU
		{AED55797-7340-456F-BD99-9BBDE1CBEB75}.Release|Any CPU.Build.0 = Release|Any CPU
	EndGlobalSection
	GlobalSection(SolutionProperties) = preSolution
		HideSolutionNode = FALSE
	EndGlobalSection
	GlobalSection(ExtensibilityGlobals) = postSolution
		SolutionGuid = {E0802DAD-F443-4C64-A492-F9045E5F5723}
	EndGlobalSection
EndGlobal
